// !$*UTF8*$!
{
	archiveVersion = 1;
	classes = {
	};
	objectVersion = 56;
	objects = {

/* Begin PBXBuildFile section */
		D3189F622C200002007C2B0B /* PassButtonView.swift in Sources */ = {isa = PBXBuildFile; fileRef = D3189F612C200002007C2B0B /* PassButtonView.swift */; };
		D3189F7C2C2157B4007C2B0B /* NC2.pkpass in Resources */ = {isa = PBXBuildFile; fileRef = D3189F752C2157B4007C2B0B /* NC2.pkpass */; };
		D3189F7D2C2157B4007C2B0B /* PRELUDE.pkpass in Resources */ = {isa = PBXBuildFile; fileRef = D3189F762C2157B4007C2B0B /* PRELUDE.pkpass */; };
		D3189F7E2C2157B4007C2B0B /* MC1.pkpass in Resources */ = {isa = PBXBuildFile; fileRef = D3189F772C2157B4007C2B0B /* MC1.pkpass */; };
		D3189F7F2C2157B4007C2B0B /* MC3.pkpass in Resources */ = {isa = PBXBuildFile; fileRef = D3189F782C2157B4007C2B0B /* MC3.pkpass */; };
		D3189F802C2157B4007C2B0B /* MACRO.pkpass in Resources */ = {isa = PBXBuildFile; fileRef = D3189F792C2157B4007C2B0B /* MACRO.pkpass */; };
		D3189F812C2157B4007C2B0B /* MC2.pkpass in Resources */ = {isa = PBXBuildFile; fileRef = D3189F7A2C2157B4007C2B0B /* MC2.pkpass */; };
		D3189F822C2157B4007C2B0B /* NC1.pkpass in Resources */ = {isa = PBXBuildFile; fileRef = D3189F7B2C2157B4007C2B0B /* NC1.pkpass */; };
		D3189F842C2159A1007C2B0B /* SplashView.swift in Sources */ = {isa = PBXBuildFile; fileRef = D3189F832C2159A1007C2B0B /* SplashView.swift */; };
		D37B628F2C1FD2D900B5650C /* Board_ingApp.swift in Sources */ = {isa = PBXBuildFile; fileRef = D37B628E2C1FD2D900B5650C /* Board_ingApp.swift */; };
		D37B62912C1FD2D900B5650C /* ContentView.swift in Sources */ = {isa = PBXBuildFile; fileRef = D37B62902C1FD2D900B5650C /* ContentView.swift */; };
		D37B62932C1FD2DB00B5650C /* Assets.xcassets in Resources */ = {isa = PBXBuildFile; fileRef = D37B62922C1FD2DB00B5650C /* Assets.xcassets */; };
		D37B62962C1FD2DB00B5650C /* Preview Assets.xcassets in Resources */ = {isa = PBXBuildFile; fileRef = D37B62952C1FD2DB00B5650C /* Preview Assets.xcassets */; };
		D3C8AB1F2C215BBD009404DB /* mainView.swift in Sources */ = {isa = PBXBuildFile; fileRef = D3C8AB1E2C215BBD009404DB /* mainView.swift */; };
		D3C8AB232C21721C009404DB /* onBoardingView.swift in Sources */ = {isa = PBXBuildFile; fileRef = D3C8AB222C21721C009404DB /* onBoardingView.swift */; };
/* End PBXBuildFile section */

/* Begin PBXFileReference section */
		D3189F612C200002007C2B0B /* PassButtonView.swift */ = {isa = PBXFileReference; lastKnownFileType = sourcecode.swift; path = PassButtonView.swift; sourceTree = "<group>"; };
		D3189F752C2157B4007C2B0B /* NC2.pkpass */ = {isa = PBXFileReference; lastKnownFileType = file; name = NC2.pkpass; path = "../../../Pass-Event-Card-Demo/NC2.pkpass"; sourceTree = "<group>"; };
		D3189F762C2157B4007C2B0B /* PRELUDE.pkpass */ = {isa = PBXFileReference; lastKnownFileType = file; name = PRELUDE.pkpass; path = "../../../Pass-Event-Card-Demo/PRELUDE.pkpass"; sourceTree = "<group>"; };
		D3189F772C2157B4007C2B0B /* MC1.pkpass */ = {isa = PBXFileReference; lastKnownFileType = file; name = MC1.pkpass; path = "../../../Pass-Event-Card-Demo/MC1.pkpass"; sourceTree = "<group>"; };
		D3189F782C2157B4007C2B0B /* MC3.pkpass */ = {isa = PBXFileReference; lastKnownFileType = file; name = MC3.pkpass; path = "../../../Pass-Event-Card-Demo/MC3.pkpass"; sourceTree = "<group>"; };
		D3189F792C2157B4007C2B0B /* MACRO.pkpass */ = {isa = PBXFileReference; lastKnownFileType = file; name = MACRO.pkpass; path = "../../../Pass-Event-Card-Demo/MACRO.pkpass"; sourceTree = "<group>"; };
		D3189F7A2C2157B4007C2B0B /* MC2.pkpass */ = {isa = PBXFileReference; lastKnownFileType = file; name = MC2.pkpass; path = "../../../Pass-Event-Card-Demo/MC2.pkpass"; sourceTree = "<group>"; };
		D3189F7B2C2157B4007C2B0B /* NC1.pkpass */ = {isa = PBXFileReference; lastKnownFileType = file; name = NC1.pkpass; path = "../../../Pass-Event-Card-Demo/NC1.pkpass"; sourceTree = "<group>"; };
		D3189F832C2159A1007C2B0B /* SplashView.swift */ = {isa = PBXFileReference; lastKnownFileType = sourcecode.swift; path = SplashView.swift; sourceTree = "<group>"; };
		D37B628B2C1FD2D900B5650C /* Board-ing.app */ = {isa = PBXFileReference; explicitFileType = wrapper.application; includeInIndex = 0; path = "Board-ing.app"; sourceTree = BUILT_PRODUCTS_DIR; };
		D37B628E2C1FD2D900B5650C /* Board_ingApp.swift */ = {isa = PBXFileReference; lastKnownFileType = sourcecode.swift; path = Board_ingApp.swift; sourceTree = "<group>"; };
		D37B62902C1FD2D900B5650C /* ContentView.swift */ = {isa = PBXFileReference; lastKnownFileType = sourcecode.swift; path = ContentView.swift; sourceTree = "<group>"; };
		D37B62922C1FD2DB00B5650C /* Assets.xcassets */ = {isa = PBXFileReference; lastKnownFileType = folder.assetcatalog; path = Assets.xcassets; sourceTree = "<group>"; };
		D37B62952C1FD2DB00B5650C /* Preview Assets.xcassets */ = {isa = PBXFileReference; lastKnownFileType = folder.assetcatalog; path = "Preview Assets.xcassets"; sourceTree = "<group>"; };
		D3C8AB1E2C215BBD009404DB /* mainView.swift */ = {isa = PBXFileReference; lastKnownFileType = sourcecode.swift; path = mainView.swift; sourceTree = "<group>"; };
		D3C8AB222C21721C009404DB /* onBoardingView.swift */ = {isa = PBXFileReference; lastKnownFileType = sourcecode.swift; path = onBoardingView.swift; sourceTree = "<group>"; };
/* End PBXFileReference section */

/* Begin PBXFrameworksBuildPhase section */
		D37B62882C1FD2D900B5650C /* Frameworks */ = {
			isa = PBXFrameworksBuildPhase;
			buildActionMask = 2147483647;
			files = (
			);
			runOnlyForDeploymentPostprocessing = 0;
		};
/* End PBXFrameworksBuildPhase section */

/* Begin PBXGroup section */
		D37B62822C1FD2D900B5650C = {
			isa = PBXGroup;
			children = (
				D37B628D2C1FD2D900B5650C /* Board-ing */,
				D37B628C2C1FD2D900B5650C /* Products */,
			);
			sourceTree = "<group>";
		};
		D37B628C2C1FD2D900B5650C /* Products */ = {
			isa = PBXGroup;
			children = (
				D37B628B2C1FD2D900B5650C /* Board-ing.app */,
			);
			name = Products;
			sourceTree = "<group>";
		};
		D37B628D2C1FD2D900B5650C /* Board-ing */ = {
			isa = PBXGroup;
			children = (
				D37B628E2C1FD2D900B5650C /* Board_ingApp.swift */,
				D3C8AB1E2C215BBD009404DB /* mainView.swift */,
				D3189F832C2159A1007C2B0B /* SplashView.swift */,
				D3C8AB222C21721C009404DB /* onBoardingView.swift */,
				D37B62902C1FD2D900B5650C /* ContentView.swift */,
				D3189F612C200002007C2B0B /* PassButtonView.swift */,
				D37B62922C1FD2DB00B5650C /* Assets.xcassets */,
				D3189F792C2157B4007C2B0B /* MACRO.pkpass */,
				D3189F772C2157B4007C2B0B /* MC1.pkpass */,
				D3189F7A2C2157B4007C2B0B /* MC2.pkpass */,
				D3189F782C2157B4007C2B0B /* MC3.pkpass */,
				D3189F7B2C2157B4007C2B0B /* NC1.pkpass */,
				D3189F752C2157B4007C2B0B /* NC2.pkpass */,
				D3189F762C2157B4007C2B0B /* PRELUDE.pkpass */,
				D37B62942C1FD2DB00B5650C /* Preview Content */,
			);
			path = "Board-ing";
			sourceTree = "<group>";
		};
		D37B62942C1FD2DB00B5650C /* Preview Content */ = {
			isa = PBXGroup;
			children = (
				D37B62952C1FD2DB00B5650C /* Preview Assets.xcassets */,
			);
			path = "Preview Content";
			sourceTree = "<group>";
		};
/* End PBXGroup section */

/* Begin PBXNativeTarget section */
		D37B628A2C1FD2D900B5650C /* Board-ing */ = {
			isa = PBXNativeTarget;
			buildConfigurationList = D37B62992C1FD2DB00B5650C /* Build configuration list for PBXNativeTarget "Board-ing" */;
			buildPhases = (
				D37B62872C1FD2D900B5650C /* Sources */,
				D37B62882C1FD2D900B5650C /* Frameworks */,
				D37B62892C1FD2D900B5650C /* Resources */,
			);
			buildRules = (
			);
			dependencies = (
			);
			name = "Board-ing";
			productName = "Board-ing";
			productReference = D37B628B2C1FD2D900B5650C /* Board-ing.app */;
			productType = "com.apple.product-type.application";
		};
/* End PBXNativeTarget section */

/* Begin PBXProject section */
		D37B62832C1FD2D900B5650C /* Project object */ = {
			isa = PBXProject;
			attributes = {
				BuildIndependentTargetsInParallel = 1;
				LastSwiftUpdateCheck = 1540;
				LastUpgradeCheck = 1540;
				TargetAttributes = {
					D37B628A2C1FD2D900B5650C = {
						CreatedOnToolsVersion = 15.4;
					};
				};
			};
			buildConfigurationList = D37B62862C1FD2D900B5650C /* Build configuration list for PBXProject "Board-ing" */;
			compatibilityVersion = "Xcode 14.0";
			developmentRegion = en;
			hasScannedForEncodings = 0;
			knownRegions = (
				en,
				Base,
			);
			mainGroup = D37B62822C1FD2D900B5650C;
			productRefGroup = D37B628C2C1FD2D900B5650C /* Products */;
			projectDirPath = "";
			projectRoot = "";
			targets = (
				D37B628A2C1FD2D900B5650C /* Board-ing */,
			);
		};
/* End PBXProject section */

/* Begin PBXResourcesBuildPhase section */
		D37B62892C1FD2D900B5650C /* Resources */ = {
			isa = PBXResourcesBuildPhase;
			buildActionMask = 2147483647;
			files = (
				D37B62962C1FD2DB00B5650C /* Preview Assets.xcassets in Resources */,
				D3189F7F2C2157B4007C2B0B /* MC3.pkpass in Resources */,
				D37B62932C1FD2DB00B5650C /* Assets.xcassets in Resources */,
				D3189F7C2C2157B4007C2B0B /* NC2.pkpass in Resources */,
				D3189F812C2157B4007C2B0B /* MC2.pkpass in Resources */,
				D3189F7D2C2157B4007C2B0B /* PRELUDE.pkpass in Resources */,
				D3189F7E2C2157B4007C2B0B /* MC1.pkpass in Resources */,
				D3189F802C2157B4007C2B0B /* MACRO.pkpass in Resources */,
				D3189F822C2157B4007C2B0B /* NC1.pkpass in Resources */,
			);
			runOnlyForDeploymentPostprocessing = 0;
		};
/* End PBXResourcesBuildPhase section */

/* Begin PBXSourcesBuildPhase section */
		D37B62872C1FD2D900B5650C /* Sources */ = {
			isa = PBXSourcesBuildPhase;
			buildActionMask = 2147483647;
			files = (
				D37B62912C1FD2D900B5650C /* ContentView.swift in Sources */,
				D3189F842C2159A1007C2B0B /* SplashView.swift in Sources */,
				D37B628F2C1FD2D900B5650C /* Board_ingApp.swift in Sources */,
				D3C8AB232C21721C009404DB /* onBoardingView.swift in Sources */,
				D3C8AB1F2C215BBD009404DB /* mainView.swift in Sources */,
				D3189F622C200002007C2B0B /* PassButtonView.swift in Sources */,
			);
			runOnlyForDeploymentPostprocessing = 0;
		};
/* End PBXSourcesBuildPhase section */

/* Begin XCBuildConfiguration section */
		D37B62972C1FD2DB00B5650C /* Debug */ = {
			isa = XCBuildConfiguration;
			buildSettings = {
				ALWAYS_SEARCH_USER_PATHS = NO;
				ASSETCATALOG_COMPILER_GENERATE_SWIFT_ASSET_SYMBOL_EXTENSIONS = YES;
				CLANG_ANALYZER_NONNULL = YES;
				CLANG_ANALYZER_NUMBER_OBJECT_CONVERSION = YES_AGGRESSIVE;
				CLANG_CXX_LANGUAGE_STANDARD = "gnu++20";
				CLANG_ENABLE_MODULES = YES;
				CLANG_ENABLE_OBJC_ARC = YES;
				CLANG_ENABLE_OBJC_WEAK = YES;
				CLANG_WARN_BLOCK_CAPTURE_AUTORELEASING = YES;
				CLANG_WARN_BOOL_CONVERSION = YES;
				CLANG_WARN_COMMA = YES;
				CLANG_WARN_CONSTANT_CONVERSION = YES;
				CLANG_WARN_DEPRECATED_OBJC_IMPLEMENTATIONS = YES;
				CLANG_WARN_DIRECT_OBJC_ISA_USAGE = YES_ERROR;
				CLANG_WARN_DOCUMENTATION_COMMENTS = YES;
				CLANG_WARN_EMPTY_BODY = YES;
				CLANG_WARN_ENUM_CONVERSION = YES;
				CLANG_WARN_INFINITE_RECURSION = YES;
				CLANG_WARN_INT_CONVERSION = YES;
				CLANG_WARN_NON_LITERAL_NULL_CONVERSION = YES;
				CLANG_WARN_OBJC_IMPLICIT_RETAIN_SELF = YES;
				CLANG_WARN_OBJC_LITERAL_CONVERSION = YES;
				CLANG_WARN_OBJC_ROOT_CLASS = YES_ERROR;
				CLANG_WARN_QUOTED_INCLUDE_IN_FRAMEWORK_HEADER = YES;
				CLANG_WARN_RANGE_LOOP_ANALYSIS = YES;
				CLANG_WARN_STRICT_PROTOTYPES = YES;
				CLANG_WARN_SUSPICIOUS_MOVE = YES;
				CLANG_WARN_UNGUARDED_AVAILABILITY = YES_AGGRESSIVE;
				CLANG_WARN_UNREACHABLE_CODE = YES;
				CLANG_WARN__DUPLICATE_METHOD_MATCH = YES;
				COPY_PHASE_STRIP = NO;
				DEBUG_INFORMATION_FORMAT = dwarf;
				ENABLE_STRICT_OBJC_MSGSEND = YES;
				ENABLE_TESTABILITY = YES;
				ENABLE_USER_SCRIPT_SANDBOXING = YES;
				GCC_C_LANGUAGE_STANDARD = gnu17;
				GCC_DYNAMIC_NO_PIC = NO;
				GCC_NO_COMMON_BLOCKS = YES;
				GCC_OPTIMIZATION_LEVEL = 0;
				GCC_PREPROCESSOR_DEFINITIONS = (
					"DEBUG=1",
					"$(inherited)",
				);
				GCC_WARN_64_TO_32_BIT_CONVERSION = YES;
				GCC_WARN_ABOUT_RETURN_TYPE = YES_ERROR;
				GCC_WARN_UNDECLARED_SELECTOR = YES;
				GCC_WARN_UNINITIALIZED_AUTOS = YES_AGGRESSIVE;
				GCC_WARN_UNUSED_FUNCTION = YES;
				GCC_WARN_UNUSED_VARIABLE = YES;
				IPHONEOS_DEPLOYMENT_TARGET = 17.5;
				LOCALIZATION_PREFERS_STRING_CATALOGS = YES;
				MTL_ENABLE_DEBUG_INFO = INCLUDE_SOURCE;
				MTL_FAST_MATH = YES;
				ONLY_ACTIVE_ARCH = YES;
				SDKROOT = iphoneos;
				SWIFT_ACTIVE_COMPILATION_CONDITIONS = "DEBUG $(inherited)";
				SWIFT_OPTIMIZATION_LEVEL = "-Onone";
			};
			name = Debug;
		};
		D37B62982C1FD2DB00B5650C /* Release */ = {
			isa = XCBuildConfiguration;
			buildSettings = {
				ALWAYS_SEARCH_USER_PATHS = NO;
				ASSETCATALOG_COMPILER_GENERATE_SWIFT_ASSET_SYMBOL_EXTENSIONS = YES;
				CLANG_ANALYZER_NONNULL = YES;
				CLANG_ANALYZER_NUMBER_OBJECT_CONVERSION = YES_AGGRESSIVE;
				CLANG_CXX_LANGUAGE_STANDARD = "gnu++20";
				CLANG_ENABLE_MODULES = YES;
				CLANG_ENABLE_OBJC_ARC = YES;
				CLANG_ENABLE_OBJC_WEAK = YES;
				CLANG_WARN_BLOCK_CAPTURE_AUTORELEASING = YES;
				CLANG_WARN_BOOL_CONVERSION = YES;
				CLANG_WARN_COMMA = YES;
				CLANG_WARN_CONSTANT_CONVERSION = YES;
				CLANG_WARN_DEPRECATED_OBJC_IMPLEMENTATIONS = YES;
				CLANG_WARN_DIRECT_OBJC_ISA_USAGE = YES_ERROR;
				CLANG_WARN_DOCUMENTATION_COMMENTS = YES;
				CLANG_WARN_EMPTY_BODY = YES;
				CLANG_WARN_ENUM_CONVERSION = YES;
				CLANG_WARN_INFINITE_RECURSION = YES;
				CLANG_WARN_INT_CONVERSION = YES;
				CLANG_WARN_NON_LITERAL_NULL_CONVERSION = YES;
				CLANG_WARN_OBJC_IMPLICIT_RETAIN_SELF = YES;
				CLANG_WARN_OBJC_LITERAL_CONVERSION = YES;
				CLANG_WARN_OBJC_ROOT_CLASS = YES_ERROR;
				CLANG_WARN_QUOTED_INCLUDE_IN_FRAMEWORK_HEADER = YES;
				CLANG_WARN_RANGE_LOOP_ANALYSIS = YES;
				CLANG_WARN_STRICT_PROTOTYPES = YES;
				CLANG_WARN_SUSPICIOUS_MOVE = YES;
				CLANG_WARN_UNGUARDED_AVAILABILITY = YES_AGGRESSIVE;
				CLANG_WARN_UNREACHABLE_CODE = YES;
				CLANG_WARN__DUPLICATE_METHOD_MATCH = YES;
				COPY_PHASE_STRIP = NO;
				DEBUG_INFORMATION_FORMAT = "dwarf-with-dsym";
				ENABLE_NS_ASSERTIONS = NO;
				ENABLE_STRICT_OBJC_MSGSEND = YES;
				ENABLE_USER_SCRIPT_SANDBOXING = YES;
				GCC_C_LANGUAGE_STANDARD = gnu17;
				GCC_NO_COMMON_BLOCKS = YES;
				GCC_WARN_64_TO_32_BIT_CONVERSION = YES;
				GCC_WARN_ABOUT_RETURN_TYPE = YES_ERROR;
				GCC_WARN_UNDECLARED_SELECTOR = YES;
				GCC_WARN_UNINITIALIZED_AUTOS = YES_AGGRESSIVE;
				GCC_WARN_UNUSED_FUNCTION = YES;
				GCC_WARN_UNUSED_VARIABLE = YES;
				IPHONEOS_DEPLOYMENT_TARGET = 17.5;
				LOCALIZATION_PREFERS_STRING_CATALOGS = YES;
				MTL_ENABLE_DEBUG_INFO = NO;
				MTL_FAST_MATH = YES;
				SDKROOT = iphoneos;
				SWIFT_COMPILATION_MODE = wholemodule;
				VALIDATE_PRODUCT = YES;
			};
			name = Release;
		};
		D37B629A2C1FD2DB00B5650C /* Debug */ = {
			isa = XCBuildConfiguration;
			buildSettings = {
				ASSETCATALOG_COMPILER_APPICON_NAME = AppIcon;
				ASSETCATALOG_COMPILER_GLOBAL_ACCENT_COLOR_NAME = AccentColor;
				CODE_SIGN_STYLE = Automatic;
				CURRENT_PROJECT_VERSION = 1;
				DEVELOPMENT_ASSET_PATHS = "\"Board-ing/Preview Content\"";
				DEVELOPMENT_TEAM = F293KMT2AW;
				ENABLE_PREVIEWS = YES;
				GENERATE_INFOPLIST_FILE = YES;
				INFOPLIST_KEY_UIApplicationSceneManifest_Generation = YES;
				INFOPLIST_KEY_UIApplicationSupportsIndirectInputEvents = YES;
				INFOPLIST_KEY_UILaunchScreen_Generation = YES;
				INFOPLIST_KEY_UISupportedInterfaceOrientations_iPad = "UIInterfaceOrientationPortrait UIInterfaceOrientationPortraitUpsideDown UIInterfaceOrientationLandscapeLeft UIInterfaceOrientationLandscapeRight";
				INFOPLIST_KEY_UISupportedInterfaceOrientations_iPhone = "UIInterfaceOrientationPortrait UIInterfaceOrientationLandscapeLeft UIInterfaceOrientationLandscapeRight";
				LD_RUNPATH_SEARCH_PATHS = (
					"$(inherited)",
					"@executable_path/Frameworks",
				);
				MARKETING_VERSION = 1.0;
				PRODUCT_BUNDLE_IDENTIFIER = "com.kkk.bbb.Board-ing";
				PRODUCT_NAME = "$(TARGET_NAME)";
				SWIFT_EMIT_LOC_STRINGS = YES;
				SWIFT_VERSION = 5.0;
				TARGETED_DEVICE_FAMILY = "1,2";
			};
			name = Debug;
		};
		D37B629B2C1FD2DB00B5650C /* Release */ = {
			isa = XCBuildConfiguration;
			buildSettings = {
				ASSETCATALOG_COMPILER_APPICON_NAME = AppIcon;
				ASSETCATALOG_COMPILER_GLOBAL_ACCENT_COLOR_NAME = AccentColor;
				CODE_SIGN_STYLE = Automatic;
				CURRENT_PROJECT_VERSION = 1;
				DEVELOPMENT_ASSET_PATHS = "\"Board-ing/Preview Content\"";
				DEVELOPMENT_TEAM = F293KMT2AW;
				ENABLE_PREVIEWS = YES;
				GENERATE_INFOPLIST_FILE = YES;
				INFOPLIST_KEY_UIApplicationSceneManifest_Generation = YES;
				INFOPLIST_KEY_UIApplicationSupportsIndirectInputEvents = YES;
				INFOPLIST_KEY_UILaunchScreen_Generation = YES;
				INFOPLIST_KEY_UISupportedInterfaceOrientations_iPad = "UIInterfaceOrientationPortrait UIInterfaceOrientationPortraitUpsideDown UIInterfaceOrientationLandscapeLeft UIInterfaceOrientationLandscapeRight";
				INFOPLIST_KEY_UISupportedInterfaceOrientations_iPhone = "UIInterfaceOrientationPortrait UIInterfaceOrientationLandscapeLeft UIInterfaceOrientationLandscapeRight";
				LD_RUNPATH_SEARCH_PATHS = (
					"$(inherited)",
					"@executable_path/Frameworks",
				);
				MARKETING_VERSION = 1.0;
				PRODUCT_BUNDLE_IDENTIFIER = "com.kkk.bbb.Board-ing";
				PRODUCT_NAME = "$(TARGET_NAME)";
				SWIFT_EMIT_LOC_STRINGS = YES;
				SWIFT_VERSION = 5.0;
				TARGETED_DEVICE_FAMILY = "1,2";
			};
			name = Release;
		};
/* End XCBuildConfiguration section */

/* Begin XCConfigurationList section */
		D37B62862C1FD2D900B5650C /* Build configuration list for PBXProject "Board-ing" */ = {
			isa = XCConfigurationList;
			buildConfigurations = (
				D37B62972C1FD2DB00B5650C /* Debug */,
				D37B62982C1FD2DB00B5650C /* Release */,
			);
			defaultConfigurationIsVisible = 0;
			defaultConfigurationName = Release;
		};
		D37B62992C1FD2DB00B5650C /* Build configuration list for PBXNativeTarget "Board-ing" */ = {
			isa = XCConfigurationList;
			buildConfigurations = (
				D37B629A2C1FD2DB00B5650C /* Debug */,
				D37B629B2C1FD2DB00B5650C /* Release */,
			);
			defaultConfigurationIsVisible = 0;
			defaultConfigurationName = Release;
		};
/* End XCConfigurationList section */
	};
	rootObject = D37B62832C1FD2D900B5650C /* Project object */;
}
